
Microsoft Visual Studio Solution File, Format Version 12.00
# Visual Studio Version 17
VisualStudioVersion = 17.4.33213.308
MinimumVisualStudioVersion = 10.0.40219.1
Project("{9A19103F-16F7-4668-BE54-9A1E7A4F7556}") = "Phoneword", "Phoneword.csproj", "{575DAF85-9CF0-4650-83C5-C732AD37BD36}"
EndProject
Global
	GlobalSection(SolutionConfigurationPlatforms) = preSolution
		Debug|Any CPU = Debug|Any CPU
		Release|Any CPU = Release|Any CPU
	EndGlobalSection
	GlobalSection(ProjectConfigurationPlatforms) = postSolution
		{575DAF85-9CF0-4650-83C5-C732AD37BD36}.Debug|Any CPU.ActiveCfg = Debug|Any CPU
		{575DAF85-9CF0-4650-83C5-C732AD37BD36}.Debug|Any CPU.Build.0 = Debug|Any CPU
		{575DAF85-9CF0-4650-83C5-C732AD37BD36}.Debug|Any CPU.Deploy.0 = Debug|Any CPU
		{575DAF85-9CF0-4650-83C5-C732AD37BD36}.Release|Any CPU.ActiveCfg = Release|Any CPU
		{575DAF85-9CF0-4650-83C5-C732AD37BD36}.Release|Any CPU.Build.0 = Release|Any CPU
		{575DAF85-9CF0-4650-83C5-C732AD37BD36}.Release|Any CPU.Deploy.0 = Release|Any CPU
	EndGlobalSection
	GlobalSection(SolutionProperties) = preSolution
		HideSolutionNode = FALSE
	EndGlobalSection
	GlobalSection(ExtensibilityGlobals) = postSolution
		SolutionGuid = {56756203-9E72-429D-95B0-F1E59A657F43}
	EndGlobalSection
EndGlobal
